
Microsoft Visual Studio Solution File, Format Version 12.00
# Visual Studio Version 17
VisualStudioVersion = 17.11.35103.136
MinimumVisualStudioVersion = 10.0.40219.1
Project("{FAE04EC0-301F-11D3-BF4B-00C04F79EFBC}") = "Con_FIA44_Artikel", "Con_FIA44_Artikel\Con_FIA44_Artikel.csproj", "{DF00683A-AFEC-4A4A-A940-DAC540D248B3}"
EndProject
Global
	GlobalSection(SolutionConfigurationPlatforms) = preSolution
		Debug|Any CPU = Debug|Any CPU
		Release|Any CPU = Release|Any CPU
	EndGlobalSection
	GlobalSection(ProjectConfigurationPlatforms) = postSolution
		{DF00683A-AFEC-4A4A-A940-DAC540D248B3}.Debug|Any CPU.ActiveCfg = Debug|Any CPU
		{DF00683A-AFEC-4A4A-A940-DAC540D248B3}.Debug|Any CPU.Build.0 = Debug|Any CPU
		{DF00683A-AFEC-4A4A-A940-DAC540D248B3}.Release|Any CPU.ActiveCfg = Release|Any CPU
		{DF00683A-AFEC-4A4A-A940-DAC540D248B3}.Release|Any CPU.Build.0 = Release|Any CPU
	EndGlobalSection
	GlobalSection(SolutionProperties) = preSolution
		HideSolutionNode = FALSE
	EndGlobalSection
	GlobalSection(ExtensibilityGlobals) = postSolution
		SolutionGuid = {C894CDEA-3261-4C22-A78E-673C5965608E}
	EndGlobalSection
EndGlobal
