
Microsoft Visual Studio Solution File, Format Version 12.00
# Visual Studio Version 17
VisualStudioVersion = 17.11.35103.136
MinimumVisualStudioVersion = 10.0.40219.1
Project("{FAE04EC0-301F-11D3-BF4B-00C04F79EFBC}") = "Con_FIA44_StringParse", "Con_FIA44_StringParse\Con_FIA44_StringParse.csproj", "{567C68FB-05CB-49BF-BE69-740D27DDDACD}"
EndProject
Global
	GlobalSection(SolutionConfigurationPlatforms) = preSolution
		Debug|Any CPU = Debug|Any CPU
		Release|Any CPU = Release|Any CPU
	EndGlobalSection
	GlobalSection(ProjectConfigurationPlatforms) = postSolution
		{567C68FB-05CB-49BF-BE69-740D27DDDACD}.Debug|Any CPU.ActiveCfg = Debug|Any CPU
		{567C68FB-05CB-49BF-BE69-740D27DDDACD}.Debug|Any CPU.Build.0 = Debug|Any CPU
		{567C68FB-05CB-49BF-BE69-740D27DDDACD}.Release|Any CPU.ActiveCfg = Release|Any CPU
		{567C68FB-05CB-49BF-BE69-740D27DDDACD}.Release|Any CPU.Build.0 = Release|Any CPU
	EndGlobalSection
	GlobalSection(SolutionProperties) = preSolution
		HideSolutionNode = FALSE
	EndGlobalSection
	GlobalSection(ExtensibilityGlobals) = postSolution
		SolutionGuid = {3A78E50F-F489-4636-8706-7A8E93AF975B}
	EndGlobalSection
EndGlobal
