
Microsoft Visual Studio Solution File, Format Version 12.00
# Visual Studio Version 17
VisualStudioVersion = 17.11.35103.136
MinimumVisualStudioVersion = 10.0.40219.1
Project("{FAE04EC0-301F-11D3-BF4B-00C04F79EFBC}") = "Con_FIA44_Array_Artikel", "Con_FIA44_Array_Artikel\Con_FIA44_Array_Artikel.csproj", "{3518A7C8-49EE-4949-88A2-7156AE9ABFEF}"
EndProject
Global
	GlobalSection(SolutionConfigurationPlatforms) = preSolution
		Debug|Any CPU = Debug|Any CPU
		Release|Any CPU = Release|Any CPU
	EndGlobalSection
	GlobalSection(ProjectConfigurationPlatforms) = postSolution
		{3518A7C8-49EE-4949-88A2-7156AE9ABFEF}.Debug|Any CPU.ActiveCfg = Debug|Any CPU
		{3518A7C8-49EE-4949-88A2-7156AE9ABFEF}.Debug|Any CPU.Build.0 = Debug|Any CPU
		{3518A7C8-49EE-4949-88A2-7156AE9ABFEF}.Release|Any CPU.ActiveCfg = Release|Any CPU
		{3518A7C8-49EE-4949-88A2-7156AE9ABFEF}.Release|Any CPU.Build.0 = Release|Any CPU
	EndGlobalSection
	GlobalSection(SolutionProperties) = preSolution
		HideSolutionNode = FALSE
	EndGlobalSection
	GlobalSection(ExtensibilityGlobals) = postSolution
		SolutionGuid = {90BEAAD6-0F0A-4677-88E8-DFEE7F4272C5}
	EndGlobalSection
EndGlobal
